
Microsoft Visual Studio Solution File, Format Version 12.00
# Visual Studio Version 16
VisualStudioVersion = 16.0.30717.126
MinimumVisualStudioVersion = 10.0.40219.1
Project("{8BC9CEB8-8B4A-11D0-8D11-00A0C91BC942}") = "StringCharacter", "StringCharacter.vcxproj", "{46172DD6-476D-4FD6-ACF7-0F54286A52D8}"
EndProject
Global
	GlobalSection(SolutionConfigurationPlatforms) = preSolution
		Debug|x64 = Debug|x64
		Debug|x86 = Debug|x86
		Release|x64 = Release|x64
		Release|x86 = Release|x86
	EndGlobalSection
	GlobalSection(ProjectConfigurationPlatforms) = postSolution
		{46172DD6-476D-4FD6-ACF7-0F54286A52D8}.Debug|x64.ActiveCfg = Debug|x64
		{46172DD6-476D-4FD6-ACF7-0F54286A52D8}.Debug|x64.Build.0 = Debug|x64
		{46172DD6-476D-4FD6-ACF7-0F54286A52D8}.Debug|x86.ActiveCfg = Debug|Win32
		{46172DD6-476D-4FD6-ACF7-0F54286A52D8}.Debug|x86.Build.0 = Debug|Win32
		{46172DD6-476D-4FD6-ACF7-0F54286A52D8}.Release|x64.ActiveCfg = Release|x64
		{46172DD6-476D-4FD6-ACF7-0F54286A52D8}.Release|x64.Build.0 = Release|x64
		{46172DD6-476D-4FD6-ACF7-0F54286A52D8}.Release|x86.ActiveCfg = Release|Win32
		{46172DD6-476D-4FD6-ACF7-0F54286A52D8}.Release|x86.Build.0 = Release|Win32
	EndGlobalSection
	GlobalSection(SolutionProperties) = preSolution
		HideSolutionNode = FALSE
	EndGlobalSection
	GlobalSection(ExtensibilityGlobals) = postSolution
		SolutionGuid = {AA98FFE8-5715-4549-AA16-3B35F2E68F91}
	EndGlobalSection
EndGlobal
